
Microsoft Visual Studio Solution File, Format Version 12.00
# Visual Studio 15
VisualStudioVersion = 15.0.26430.14
MinimumVisualStudioVersion = 10.0.40219.1
Project("{FAE04EC0-301F-11D3-BF4B-00C04F79EFBC}") = "Bridge.Ioc", "Bridge.Ioc\Bridge.Ioc.csproj", "{65FA67D3-2753-4208-A54E-964B12859BF1}"
EndProject
Project("{2150E333-8FDC-42A3-9474-1A3956D46DE8}") = "Example", "Example", "{7927B947-CF29-48C3-894D-97A80DF2EC83}"
EndProject
Project("{FAE04EC0-301F-11D3-BF4B-00C04F79EFBC}") = "Bridge.Ioc.ExampleApp", "Bridge.Ioc.ExampleApp\Bridge.Ioc.ExampleApp.csproj", "{4DA7660F-A00F-413C-BB1C-6699E6BF263E}"
EndProject
Project("{FAE04EC0-301F-11D3-BF4B-00C04F79EFBC}") = "Bridge.Ioc.Test", "Bridge.Ioc.Test\Bridge.Ioc.Test.csproj", "{039741EC-09BD-42CB-AC14-80402CBB1CE8}"
EndProject
Global
	GlobalSection(SolutionConfigurationPlatforms) = preSolution
		Debug|Any CPU = Debug|Any CPU
		Release|Any CPU = Release|Any CPU
	EndGlobalSection
	GlobalSection(ProjectConfigurationPlatforms) = postSolution
		{65FA67D3-2753-4208-A54E-964B12859BF1}.Debug|Any CPU.ActiveCfg = Debug|Any CPU
		{65FA67D3-2753-4208-A54E-964B12859BF1}.Debug|Any CPU.Build.0 = Debug|Any CPU
		{65FA67D3-2753-4208-A54E-964B12859BF1}.Release|Any CPU.ActiveCfg = Release|Any CPU
		{65FA67D3-2753-4208-A54E-964B12859BF1}.Release|Any CPU.Build.0 = Release|Any CPU
		{4DA7660F-A00F-413C-BB1C-6699E6BF263E}.Debug|Any CPU.ActiveCfg = Debug|Any CPU
		{4DA7660F-A00F-413C-BB1C-6699E6BF263E}.Debug|Any CPU.Build.0 = Debug|Any CPU
		{4DA7660F-A00F-413C-BB1C-6699E6BF263E}.Release|Any CPU.ActiveCfg = Release|Any CPU
		{4DA7660F-A00F-413C-BB1C-6699E6BF263E}.Release|Any CPU.Build.0 = Release|Any CPU
		{039741EC-09BD-42CB-AC14-80402CBB1CE8}.Debug|Any CPU.ActiveCfg = Debug|Any CPU
		{039741EC-09BD-42CB-AC14-80402CBB1CE8}.Debug|Any CPU.Build.0 = Debug|Any CPU
		{039741EC-09BD-42CB-AC14-80402CBB1CE8}.Release|Any CPU.ActiveCfg = Release|Any CPU
		{039741EC-09BD-42CB-AC14-80402CBB1CE8}.Release|Any CPU.Build.0 = Release|Any CPU
	EndGlobalSection
	GlobalSection(SolutionProperties) = preSolution
		HideSolutionNode = FALSE
	EndGlobalSection
	GlobalSection(NestedProjects) = preSolution
		{4DA7660F-A00F-413C-BB1C-6699E6BF263E} = {7927B947-CF29-48C3-894D-97A80DF2EC83}
	EndGlobalSection
EndGlobal
